
Microsoft Visual Studio Solution File, Format Version 12.00
# Visual Studio 2013
VisualStudioVersion = 12.0.21005.1
MinimumVisualStudioVersion = 10.0.40219.1
Project("{2150E333-8FDC-42A3-9474-1A3956D46DE8}") = "01UI", "01UI", "{F8DDFC8C-9512-485B-AEC7-9709051FABDE}"
EndProject
Project("{2150E333-8FDC-42A3-9474-1A3956D46DE8}") = "02Service", "02Service", "{12A90622-8E06-473E-8FD4-6214F1450A70}"
EndProject
Project("{2150E333-8FDC-42A3-9474-1A3956D46DE8}") = "03Repository", "03Repository", "{878F1010-0283-465F-9972-B4A938B06303}"
EndProject
Project("{2150E333-8FDC-42A3-9474-1A3956D46DE8}") = "04Common", "04Common", "{6B22D130-F614-459B-B66A-1D15117F562D}"
EndProject
Project("{FAE04EC0-301F-11D3-BF4B-00C04F79EFBC}") = "MVCOA", "MVCOA\MVCOA.csproj", "{EAC75E41-FD8E-4B88-8DAC-76144D983AD1}"
EndProject
Project("{FAE04EC0-301F-11D3-BF4B-00C04F79EFBC}") = "MVCOA.Logic", "MVCOA.Logic\MVCOA.Logic.csproj", "{3C23611F-DF57-464F-ACA4-44567AAC8A4C}"
EndProject
Project("{FAE04EC0-301F-11D3-BF4B-00C04F79EFBC}") = "IBLL", "IBLL\IBLL.csproj", "{EDCD3DA2-8D46-435E-AD6C-CD1C8ADD950B}"
EndProject
Project("{FAE04EC0-301F-11D3-BF4B-00C04F79EFBC}") = "BLLA", "BLLA\BLLA.csproj", "{9C26C47E-44EE-401C-B0AE-5A47694340AA}"
EndProject
Project("{FAE04EC0-301F-11D3-BF4B-00C04F79EFBC}") = "BLLB", "BLLB\BLLB.csproj", "{27F9D01F-077A-4018-A85E-5E88719A2335}"
EndProject
Project("{FAE04EC0-301F-11D3-BF4B-00C04F79EFBC}") = "IDAL", "IDAL\IDAL.csproj", "{08DE90D4-29ED-43AF-9115-EBC273860123}"
EndProject
Project("{FAE04EC0-301F-11D3-BF4B-00C04F79EFBC}") = "DALMSSQL", "DALMSSQL\DALMSSQL.csproj", "{5427D2CA-BACC-4822-82B5-9B08782D5FED}"
EndProject
Project("{FAE04EC0-301F-11D3-BF4B-00C04F79EFBC}") = "DALMYSQL", "DALMYSQL\DALMYSQL.csproj", "{6A01D738-AE5A-4CE7-908E-9FADD8C6E034}"
EndProject
Project("{FAE04EC0-301F-11D3-BF4B-00C04F79EFBC}") = "DI", "DI\DI.csproj", "{8DFF2CD4-3F13-4611-8C1D-5D5FAEE2AE57}"
EndProject
Project("{FAE04EC0-301F-11D3-BF4B-00C04F79EFBC}") = "Common", "Common\Common.csproj", "{1717BE5C-768B-47F2-B47D-93A49D0B4E89}"
EndProject
Project("{FAE04EC0-301F-11D3-BF4B-00C04F79EFBC}") = "MODEL", "MODEL\MODEL.csproj", "{430F7D41-5FE0-420A-9609-C00D61D9FF79}"
EndProject
Project("{2150E333-8FDC-42A3-9474-1A3956D46DE8}") = "00Schema", "00Schema", "{BB4D47CB-9A89-4A20-8A82-A139D99B2EC2}"
	ProjectSection(SolutionItems) = preProject
		..\..\..\..\Downloads\Spring.NET-1.3.1\Spring.NET\doc\schema\spring-objects-1.3.xsd = ..\..\..\..\Downloads\Spring.NET-1.3.1\Spring.NET\doc\schema\spring-objects-1.3.xsd
	EndProjectSection
EndProject
Project("{FAE04EC0-301F-11D3-BF4B-00C04F79EFBC}") = "MVCOA.Helper", "MVCOA.Helper\MVCOA.Helper.csproj", "{06556B1D-1440-4BCD-A818-8318841D61C1}"
EndProject
Project("{FAE04EC0-301F-11D3-BF4B-00C04F79EFBC}") = "MVCOA.BackStage", "MVCOA.BackStage\MVCOA.BackStage.csproj", "{D36EEDB0-79D4-483D-B019-24392BD47ED4}"
EndProject
Global
	GlobalSection(SolutionConfigurationPlatforms) = preSolution
		Debug|Any CPU = Debug|Any CPU
		Release|Any CPU = Release|Any CPU
	EndGlobalSection
	GlobalSection(ProjectConfigurationPlatforms) = postSolution
		{EAC75E41-FD8E-4B88-8DAC-76144D983AD1}.Debug|Any CPU.ActiveCfg = Debug|Any CPU
		{EAC75E41-FD8E-4B88-8DAC-76144D983AD1}.Debug|Any CPU.Build.0 = Debug|Any CPU
		{EAC75E41-FD8E-4B88-8DAC-76144D983AD1}.Release|Any CPU.ActiveCfg = Release|Any CPU
		{EAC75E41-FD8E-4B88-8DAC-76144D983AD1}.Release|Any CPU.Build.0 = Release|Any CPU
		{3C23611F-DF57-464F-ACA4-44567AAC8A4C}.Debug|Any CPU.ActiveCfg = Debug|Any CPU
		{3C23611F-DF57-464F-ACA4-44567AAC8A4C}.Debug|Any CPU.Build.0 = Debug|Any CPU
		{3C23611F-DF57-464F-ACA4-44567AAC8A4C}.Release|Any CPU.ActiveCfg = Release|Any CPU
		{3C23611F-DF57-464F-ACA4-44567AAC8A4C}.Release|Any CPU.Build.0 = Release|Any CPU
		{EDCD3DA2-8D46-435E-AD6C-CD1C8ADD950B}.Debug|Any CPU.ActiveCfg = Debug|Any CPU
		{EDCD3DA2-8D46-435E-AD6C-CD1C8ADD950B}.Debug|Any CPU.Build.0 = Debug|Any CPU
		{EDCD3DA2-8D46-435E-AD6C-CD1C8ADD950B}.Release|Any CPU.ActiveCfg = Release|Any CPU
		{EDCD3DA2-8D46-435E-AD6C-CD1C8ADD950B}.Release|Any CPU.Build.0 = Release|Any CPU
		{9C26C47E-44EE-401C-B0AE-5A47694340AA}.Debug|Any CPU.ActiveCfg = Debug|Any CPU
		{9C26C47E-44EE-401C-B0AE-5A47694340AA}.Debug|Any CPU.Build.0 = Debug|Any CPU
		{9C26C47E-44EE-401C-B0AE-5A47694340AA}.Release|Any CPU.ActiveCfg = Release|Any CPU
		{9C26C47E-44EE-401C-B0AE-5A47694340AA}.Release|Any CPU.Build.0 = Release|Any CPU
		{27F9D01F-077A-4018-A85E-5E88719A2335}.Debug|Any CPU.ActiveCfg = Debug|Any CPU
		{27F9D01F-077A-4018-A85E-5E88719A2335}.Debug|Any CPU.Build.0 = Debug|Any CPU
		{27F9D01F-077A-4018-A85E-5E88719A2335}.Release|Any CPU.ActiveCfg = Release|Any CPU
		{27F9D01F-077A-4018-A85E-5E88719A2335}.Release|Any CPU.Build.0 = Release|Any CPU
		{08DE90D4-29ED-43AF-9115-EBC273860123}.Debug|Any CPU.ActiveCfg = Debug|Any CPU
		{08DE90D4-29ED-43AF-9115-EBC273860123}.Debug|Any CPU.Build.0 = Debug|Any CPU
		{08DE90D4-29ED-43AF-9115-EBC273860123}.Release|Any CPU.ActiveCfg = Release|Any CPU
		{08DE90D4-29ED-43AF-9115-EBC273860123}.Release|Any CPU.Build.0 = Release|Any CPU
		{5427D2CA-BACC-4822-82B5-9B08782D5FED}.Debug|Any CPU.ActiveCfg = Debug|Any CPU
		{5427D2CA-BACC-4822-82B5-9B08782D5FED}.Debug|Any CPU.Build.0 = Debug|Any CPU
		{5427D2CA-BACC-4822-82B5-9B08782D5FED}.Release|Any CPU.ActiveCfg = Release|Any CPU
		{5427D2CA-BACC-4822-82B5-9B08782D5FED}.Release|Any CPU.Build.0 = Release|Any CPU
		{6A01D738-AE5A-4CE7-908E-9FADD8C6E034}.Debug|Any CPU.ActiveCfg = Debug|Any CPU
		{6A01D738-AE5A-4CE7-908E-9FADD8C6E034}.Debug|Any CPU.Build.0 = Debug|Any CPU
		{6A01D738-AE5A-4CE7-908E-9FADD8C6E034}.Release|Any CPU.ActiveCfg = Release|Any CPU
		{6A01D738-AE5A-4CE7-908E-9FADD8C6E034}.Release|Any CPU.Build.0 = Release|Any CPU
		{8DFF2CD4-3F13-4611-8C1D-5D5FAEE2AE57}.Debug|Any CPU.ActiveCfg = Debug|Any CPU
		{8DFF2CD4-3F13-4611-8C1D-5D5FAEE2AE57}.Debug|Any CPU.Build.0 = Debug|Any CPU
		{8DFF2CD4-3F13-4611-8C1D-5D5FAEE2AE57}.Release|Any CPU.ActiveCfg = Release|Any CPU
		{8DFF2CD4-3F13-4611-8C1D-5D5FAEE2AE57}.Release|Any CPU.Build.0 = Release|Any CPU
		{1717BE5C-768B-47F2-B47D-93A49D0B4E89}.Debug|Any CPU.ActiveCfg = Debug|Any CPU
		{1717BE5C-768B-47F2-B47D-93A49D0B4E89}.Debug|Any CPU.Build.0 = Debug|Any CPU
		{1717BE5C-768B-47F2-B47D-93A49D0B4E89}.Release|Any CPU.ActiveCfg = Release|Any CPU
		{1717BE5C-768B-47F2-B47D-93A49D0B4E89}.Release|Any CPU.Build.0 = Release|Any CPU
		{430F7D41-5FE0-420A-9609-C00D61D9FF79}.Debug|Any CPU.ActiveCfg = Debug|Any CPU
		{430F7D41-5FE0-420A-9609-C00D61D9FF79}.Debug|Any CPU.Build.0 = Debug|Any CPU
		{430F7D41-5FE0-420A-9609-C00D61D9FF79}.Release|Any CPU.ActiveCfg = Release|Any CPU
		{430F7D41-5FE0-420A-9609-C00D61D9FF79}.Release|Any CPU.Build.0 = Release|Any CPU
		{06556B1D-1440-4BCD-A818-8318841D61C1}.Debug|Any CPU.ActiveCfg = Debug|Any CPU
		{06556B1D-1440-4BCD-A818-8318841D61C1}.Debug|Any CPU.Build.0 = Debug|Any CPU
		{06556B1D-1440-4BCD-A818-8318841D61C1}.Release|Any CPU.ActiveCfg = Release|Any CPU
		{06556B1D-1440-4BCD-A818-8318841D61C1}.Release|Any CPU.Build.0 = Release|Any CPU
		{D36EEDB0-79D4-483D-B019-24392BD47ED4}.Debug|Any CPU.ActiveCfg = Debug|Any CPU
		{D36EEDB0-79D4-483D-B019-24392BD47ED4}.Debug|Any CPU.Build.0 = Debug|Any CPU
		{D36EEDB0-79D4-483D-B019-24392BD47ED4}.Release|Any CPU.ActiveCfg = Release|Any CPU
		{D36EEDB0-79D4-483D-B019-24392BD47ED4}.Release|Any CPU.Build.0 = Release|Any CPU
	EndGlobalSection
	GlobalSection(SolutionProperties) = preSolution
		HideSolutionNode = FALSE
	EndGlobalSection
	GlobalSection(NestedProjects) = preSolution
		{EAC75E41-FD8E-4B88-8DAC-76144D983AD1} = {F8DDFC8C-9512-485B-AEC7-9709051FABDE}
		{3C23611F-DF57-464F-ACA4-44567AAC8A4C} = {F8DDFC8C-9512-485B-AEC7-9709051FABDE}
		{06556B1D-1440-4BCD-A818-8318841D61C1} = {F8DDFC8C-9512-485B-AEC7-9709051FABDE}
		{D36EEDB0-79D4-483D-B019-24392BD47ED4} = {F8DDFC8C-9512-485B-AEC7-9709051FABDE}
		{EDCD3DA2-8D46-435E-AD6C-CD1C8ADD950B} = {12A90622-8E06-473E-8FD4-6214F1450A70}
		{9C26C47E-44EE-401C-B0AE-5A47694340AA} = {12A90622-8E06-473E-8FD4-6214F1450A70}
		{27F9D01F-077A-4018-A85E-5E88719A2335} = {12A90622-8E06-473E-8FD4-6214F1450A70}
		{08DE90D4-29ED-43AF-9115-EBC273860123} = {878F1010-0283-465F-9972-B4A938B06303}
		{5427D2CA-BACC-4822-82B5-9B08782D5FED} = {878F1010-0283-465F-9972-B4A938B06303}
		{6A01D738-AE5A-4CE7-908E-9FADD8C6E034} = {878F1010-0283-465F-9972-B4A938B06303}
		{8DFF2CD4-3F13-4611-8C1D-5D5FAEE2AE57} = {6B22D130-F614-459B-B66A-1D15117F562D}
		{1717BE5C-768B-47F2-B47D-93A49D0B4E89} = {6B22D130-F614-459B-B66A-1D15117F562D}
		{430F7D41-5FE0-420A-9609-C00D61D9FF79} = {6B22D130-F614-459B-B66A-1D15117F562D}
	EndGlobalSection
EndGlobal
